
Microsoft Visual Studio Solution File, Format Version 12.00
# Visual Studio Version 17
VisualStudioVersion = 17.14.36109.1
MinimumVisualStudioVersion = 10.0.40219.1
Project("{FAE04EC0-301F-11D3-BF4B-00C04F79EFBC}") = "konu01Degiskenler", "konu01Degiskenler\konu01Degiskenler.csproj", "{0875174B-A9C3-4551-B48E-DC0CDD230390}"
EndProject
Project("{FAE04EC0-301F-11D3-BF4B-00C04F79EFBC}") = "Konu02TipDonusumleri", "Konu02TipDonusumleri\Konu02TipDonusumleri.csproj", "{39D3563B-E648-4EFE-B98E-BB8E99F771B7}"
EndProject
Project("{FAE04EC0-301F-11D3-BF4B-00C04F79EFBC}") = "Konu03Operatorler", "Konu03Operatorler\Konu03Operatorler.csproj", "{F5FFAB1B-8D88-4744-B1DC-3F14669C7319}"
EndProject
Project("{FAE04EC0-301F-11D3-BF4B-00C04F79EFBC}") = "Konu04KararYapilari", "Konu04KararYapilari\Konu04KararYapilari.csproj", "{D12409AF-E7F3-4C84-8196-34C565079DC0}"
EndProject
Project("{FAE04EC0-301F-11D3-BF4B-00C04F79EFBC}") = "konu05Metodlar", "konu05Metodlar\konu05Metodlar.csproj", "{7864F296-FECA-49F9-9089-7E8FB27DA417}"
EndProject
Project("{FAE04EC0-301F-11D3-BF4B-00C04F79EFBC}") = "konu06Diziler", "konu06Diziler\konu06Diziler.csproj", "{6116663A-556C-4888-8A62-972B0430469E}"
EndProject
Project("{FAE04EC0-301F-11D3-BF4B-00C04F79EFBC}") = "konu07Donguler", "konu07Donguler\konu07Donguler.csproj", "{A1CEDB41-86B4-49BD-AD3D-14A1CEC389B6}"
EndProject
Project("{FAE04EC0-301F-11D3-BF4B-00C04F79EFBC}") = "konu08SınıflarClasses", "konu08SınıflarClasses\konu08SınıflarClasses.csproj", "{F9606095-1E65-4B50-ADF2-6B56DD5650CC}"
EndProject
Project("{FAE04EC0-301F-11D3-BF4B-00C04F79EFBC}") = "Konu09StructYapilar", "Konu09StructYapilar\Konu09StructYapilar.csproj", "{495F0188-0D92-452B-BB65-FC12B8F181E0}"
EndProject
Global
	GlobalSection(SolutionConfigurationPlatforms) = preSolution
		Debug|Any CPU = Debug|Any CPU
		Release|Any CPU = Release|Any CPU
	EndGlobalSection
	GlobalSection(ProjectConfigurationPlatforms) = postSolution
		{0875174B-A9C3-4551-B48E-DC0CDD230390}.Debug|Any CPU.ActiveCfg = Debug|Any CPU
		{0875174B-A9C3-4551-B48E-DC0CDD230390}.Debug|Any CPU.Build.0 = Debug|Any CPU
		{0875174B-A9C3-4551-B48E-DC0CDD230390}.Release|Any CPU.ActiveCfg = Release|Any CPU
		{0875174B-A9C3-4551-B48E-DC0CDD230390}.Release|Any CPU.Build.0 = Release|Any CPU
		{39D3563B-E648-4EFE-B98E-BB8E99F771B7}.Debug|Any CPU.ActiveCfg = Debug|Any CPU
		{39D3563B-E648-4EFE-B98E-BB8E99F771B7}.Debug|Any CPU.Build.0 = Debug|Any CPU
		{39D3563B-E648-4EFE-B98E-BB8E99F771B7}.Release|Any CPU.ActiveCfg = Release|Any CPU
		{39D3563B-E648-4EFE-B98E-BB8E99F771B7}.Release|Any CPU.Build.0 = Release|Any CPU
		{F5FFAB1B-8D88-4744-B1DC-3F14669C7319}.Debug|Any CPU.ActiveCfg = Debug|Any CPU
		{F5FFAB1B-8D88-4744-B1DC-3F14669C7319}.Debug|Any CPU.Build.0 = Debug|Any CPU
		{F5FFAB1B-8D88-4744-B1DC-3F14669C7319}.Release|Any CPU.ActiveCfg = Release|Any CPU
		{F5FFAB1B-8D88-4744-B1DC-3F14669C7319}.Release|Any CPU.Build.0 = Release|Any CPU
		{D12409AF-E7F3-4C84-8196-34C565079DC0}.Debug|Any CPU.ActiveCfg = Debug|Any CPU
		{D12409AF-E7F3-4C84-8196-34C565079DC0}.Debug|Any CPU.Build.0 = Debug|Any CPU
		{D12409AF-E7F3-4C84-8196-34C565079DC0}.Release|Any CPU.ActiveCfg = Release|Any CPU
		{D12409AF-E7F3-4C84-8196-34C565079DC0}.Release|Any CPU.Build.0 = Release|Any CPU
		{7864F296-FECA-49F9-9089-7E8FB27DA417}.Debug|Any CPU.ActiveCfg = Debug|Any CPU
		{7864F296-FECA-49F9-9089-7E8FB27DA417}.Debug|Any CPU.Build.0 = Debug|Any CPU
		{7864F296-FECA-49F9-9089-7E8FB27DA417}.Release|Any CPU.ActiveCfg = Release|Any CPU
		{7864F296-FECA-49F9-9089-7E8FB27DA417}.Release|Any CPU.Build.0 = Release|Any CPU
		{6116663A-556C-4888-8A62-972B0430469E}.Debug|Any CPU.ActiveCfg = Debug|Any CPU
		{6116663A-556C-4888-8A62-972B0430469E}.Debug|Any CPU.Build.0 = Debug|Any CPU
		{6116663A-556C-4888-8A62-972B0430469E}.Release|Any CPU.ActiveCfg = Release|Any CPU
		{6116663A-556C-4888-8A62-972B0430469E}.Release|Any CPU.Build.0 = Release|Any CPU
		{A1CEDB41-86B4-49BD-AD3D-14A1CEC389B6}.Debug|Any CPU.ActiveCfg = Debug|Any CPU
		{A1CEDB41-86B4-49BD-AD3D-14A1CEC389B6}.Debug|Any CPU.Build.0 = Debug|Any CPU
		{A1CEDB41-86B4-49BD-AD3D-14A1CEC389B6}.Release|Any CPU.ActiveCfg = Release|Any CPU
		{A1CEDB41-86B4-49BD-AD3D-14A1CEC389B6}.Release|Any CPU.Build.0 = Release|Any CPU
		{F9606095-1E65-4B50-ADF2-6B56DD5650CC}.Debug|Any CPU.ActiveCfg = Debug|Any CPU
		{F9606095-1E65-4B50-ADF2-6B56DD5650CC}.Debug|Any CPU.Build.0 = Debug|Any CPU
		{F9606095-1E65-4B50-ADF2-6B56DD5650CC}.Release|Any CPU.ActiveCfg = Release|Any CPU
		{F9606095-1E65-4B50-ADF2-6B56DD5650CC}.Release|Any CPU.Build.0 = Release|Any CPU
		{495F0188-0D92-452B-BB65-FC12B8F181E0}.Debug|Any CPU.ActiveCfg = Debug|Any CPU
		{495F0188-0D92-452B-BB65-FC12B8F181E0}.Debug|Any CPU.Build.0 = Debug|Any CPU
		{495F0188-0D92-452B-BB65-FC12B8F181E0}.Release|Any CPU.ActiveCfg = Release|Any CPU
		{495F0188-0D92-452B-BB65-FC12B8F181E0}.Release|Any CPU.Build.0 = Release|Any CPU
	EndGlobalSection
	GlobalSection(SolutionProperties) = preSolution
		HideSolutionNode = FALSE
	EndGlobalSection
	GlobalSection(ExtensibilityGlobals) = postSolution
		SolutionGuid = {29C99A3F-4871-4DDE-92E3-A3302CF1F191}
	EndGlobalSection
EndGlobal
