
Microsoft Visual Studio Solution File, Format Version 12.00
# Visual Studio Version 17
VisualStudioVersion = 17.14.36109.1
MinimumVisualStudioVersion = 10.0.40219.1
Project("{FAE04EC0-301F-11D3-BF4B-00C04F79EFBC}") = "konu01Degiskenler", "konu01Degiskenler\konu01Degiskenler.csproj", "{0875174B-A9C3-4551-B48E-DC0CDD230390}"
EndProject
Project("{FAE04EC0-301F-11D3-BF4B-00C04F79EFBC}") = "Konu02TipDonusumleri", "Konu02TipDonusumleri\Konu02TipDonusumleri.csproj", "{39D3563B-E648-4EFE-B98E-BB8E99F771B7}"
EndProject
Project("{FAE04EC0-301F-11D3-BF4B-00C04F79EFBC}") = "Konu03Operatorler", "Konu03Operatorler\Konu03Operatorler.csproj", "{F5FFAB1B-8D88-4744-B1DC-3F14669C7319}"
EndProject
Project("{FAE04EC0-301F-11D3-BF4B-00C04F79EFBC}") = "Konu04KararYapilari", "Konu04KararYapilari\Konu04KararYapilari.csproj", "{D12409AF-E7F3-4C84-8196-34C565079DC0}"
EndProject
Project("{FAE04EC0-301F-11D3-BF4B-00C04F79EFBC}") = "konu05Metodlar", "konu05Metodlar\konu05Metodlar.csproj", "{7864F296-FECA-49F9-9089-7E8FB27DA417}"
EndProject
Project("{FAE04EC0-301F-11D3-BF4B-00C04F79EFBC}") = "konu06Diziler", "konu06Diziler\konu06Diziler.csproj", "{6116663A-556C-4888-8A62-972B0430469E}"
EndProject
Project("{FAE04EC0-301F-11D3-BF4B-00C04F79EFBC}") = "konu07Donguler", "konu07Donguler\konu07Donguler.csproj", "{A1CEDB41-86B4-49BD-AD3D-14A1CEC389B6}"
EndProject
Project("{FAE04EC0-301F-11D3-BF4B-00C04F79EFBC}") = "konu08SınıflarClasses", "konu08SınıflarClasses\konu08SınıflarClasses.csproj", "{F9606095-1E65-4B50-ADF2-6B56DD5650CC}"
EndProject
Project("{FAE04EC0-301F-11D3-BF4B-00C04F79EFBC}") = "Konu09StructYapilar", "Konu09StructYapilar\Konu09StructYapilar.csproj", "{495F0188-0D92-452B-BB65-FC12B8F181E0}"
EndProject
Project("{FAE04EC0-301F-11D3-BF4B-00C04F79EFBC}") = "Konu10StringSinifi", "Konu10StringSinifi\Konu10StringSinifi.csproj", "{B31B8588-8164-4699-B0CD-54D9EEED9E6F}"
EndProject
Project("{FAE04EC0-301F-11D3-BF4B-00C04F79EFBC}") = "Konu11Enumlar", "Konu11Enumlar\Konu11Enumlar.csproj", "{BBE7AF94-B61C-4371-A7ED-AB752A40DB79}"
EndProject
Project("{FAE04EC0-301F-11D3-BF4B-00C04F79EFBC}") = "Konu12KalitimInheritance", "Konu12KalitimInheritance\Konu12KalitimInheritance.csproj", "{B40D2B16-DE85-4406-A27E-856676D0522B}"
EndProject
Project("{FAE04EC0-301F-11D3-BF4B-00C04F79EFBC}") = "Konu13KapsullemeEncapsulation", "Konu13KapsullemeEncapsulation\Konu13KapsullemeEncapsulation.csproj", "{B3E44E3A-8769-402C-84F2-9263DB95D752}"
EndProject
Project("{FAE04EC0-301F-11D3-BF4B-00C04F79EFBC}") = "Konu14InterfacesArayuzler", "Konu14InterfacesArayuzler\Konu14InterfacesArayuzler.csproj", "{2AB03051-0DE6-488C-BED4-2645DB9F0F83}"
EndProject
Project("{FAE04EC0-301F-11D3-BF4B-00C04F79EFBC}") = "Konu15AbstractClasses", "Konu15AbstractClasses\Konu15AbstractClasses.csproj", "{085D7AA9-2763-456A-96F4-54D6E15F35BB}"
EndProject
Project("{FAE04EC0-301F-11D3-BF4B-00C04F79EFBC}") = "Konu16CollectionsKoleksiyonlar", "Konu16CollectionsKoleksiyonlar\Konu16CollectionsKoleksiyonlar.csproj", "{73968105-B96A-4C77-9147-B2956F311D2F}"
EndProject
Global
	GlobalSection(SolutionConfigurationPlatforms) = preSolution
		Debug|Any CPU = Debug|Any CPU
		Release|Any CPU = Release|Any CPU
	EndGlobalSection
	GlobalSection(ProjectConfigurationPlatforms) = postSolution
		{0875174B-A9C3-4551-B48E-DC0CDD230390}.Debug|Any CPU.ActiveCfg = Debug|Any CPU
		{0875174B-A9C3-4551-B48E-DC0CDD230390}.Debug|Any CPU.Build.0 = Debug|Any CPU
		{0875174B-A9C3-4551-B48E-DC0CDD230390}.Release|Any CPU.ActiveCfg = Release|Any CPU
		{0875174B-A9C3-4551-B48E-DC0CDD230390}.Release|Any CPU.Build.0 = Release|Any CPU
		{39D3563B-E648-4EFE-B98E-BB8E99F771B7}.Debug|Any CPU.ActiveCfg = Debug|Any CPU
		{39D3563B-E648-4EFE-B98E-BB8E99F771B7}.Debug|Any CPU.Build.0 = Debug|Any CPU
		{39D3563B-E648-4EFE-B98E-BB8E99F771B7}.Release|Any CPU.ActiveCfg = Release|Any CPU
		{39D3563B-E648-4EFE-B98E-BB8E99F771B7}.Release|Any CPU.Build.0 = Release|Any CPU
		{F5FFAB1B-8D88-4744-B1DC-3F14669C7319}.Debug|Any CPU.ActiveCfg = Debug|Any CPU
		{F5FFAB1B-8D88-4744-B1DC-3F14669C7319}.Debug|Any CPU.Build.0 = Debug|Any CPU
		{F5FFAB1B-8D88-4744-B1DC-3F14669C7319}.Release|Any CPU.ActiveCfg = Release|Any CPU
		{F5FFAB1B-8D88-4744-B1DC-3F14669C7319}.Release|Any CPU.Build.0 = Release|Any CPU
		{D12409AF-E7F3-4C84-8196-34C565079DC0}.Debug|Any CPU.ActiveCfg = Debug|Any CPU
		{D12409AF-E7F3-4C84-8196-34C565079DC0}.Debug|Any CPU.Build.0 = Debug|Any CPU
		{D12409AF-E7F3-4C84-8196-34C565079DC0}.Release|Any CPU.ActiveCfg = Release|Any CPU
		{D12409AF-E7F3-4C84-8196-34C565079DC0}.Release|Any CPU.Build.0 = Release|Any CPU
		{7864F296-FECA-49F9-9089-7E8FB27DA417}.Debug|Any CPU.ActiveCfg = Debug|Any CPU
		{7864F296-FECA-49F9-9089-7E8FB27DA417}.Debug|Any CPU.Build.0 = Debug|Any CPU
		{7864F296-FECA-49F9-9089-7E8FB27DA417}.Release|Any CPU.ActiveCfg = Release|Any CPU
		{7864F296-FECA-49F9-9089-7E8FB27DA417}.Release|Any CPU.Build.0 = Release|Any CPU
		{6116663A-556C-4888-8A62-972B0430469E}.Debug|Any CPU.ActiveCfg = Debug|Any CPU
		{6116663A-556C-4888-8A62-972B0430469E}.Debug|Any CPU.Build.0 = Debug|Any CPU
		{6116663A-556C-4888-8A62-972B0430469E}.Release|Any CPU.ActiveCfg = Release|Any CPU
		{6116663A-556C-4888-8A62-972B0430469E}.Release|Any CPU.Build.0 = Release|Any CPU
		{A1CEDB41-86B4-49BD-AD3D-14A1CEC389B6}.Debug|Any CPU.ActiveCfg = Debug|Any CPU
		{A1CEDB41-86B4-49BD-AD3D-14A1CEC389B6}.Debug|Any CPU.Build.0 = Debug|Any CPU
		{A1CEDB41-86B4-49BD-AD3D-14A1CEC389B6}.Release|Any CPU.ActiveCfg = Release|Any CPU
		{A1CEDB41-86B4-49BD-AD3D-14A1CEC389B6}.Release|Any CPU.Build.0 = Release|Any CPU
		{F9606095-1E65-4B50-ADF2-6B56DD5650CC}.Debug|Any CPU.ActiveCfg = Debug|Any CPU
		{F9606095-1E65-4B50-ADF2-6B56DD5650CC}.Debug|Any CPU.Build.0 = Debug|Any CPU
		{F9606095-1E65-4B50-ADF2-6B56DD5650CC}.Release|Any CPU.ActiveCfg = Release|Any CPU
		{F9606095-1E65-4B50-ADF2-6B56DD5650CC}.Release|Any CPU.Build.0 = Release|Any CPU
		{495F0188-0D92-452B-BB65-FC12B8F181E0}.Debug|Any CPU.ActiveCfg = Debug|Any CPU
		{495F0188-0D92-452B-BB65-FC12B8F181E0}.Debug|Any CPU.Build.0 = Debug|Any CPU
		{495F0188-0D92-452B-BB65-FC12B8F181E0}.Release|Any CPU.ActiveCfg = Release|Any CPU
		{495F0188-0D92-452B-BB65-FC12B8F181E0}.Release|Any CPU.Build.0 = Release|Any CPU
		{B31B8588-8164-4699-B0CD-54D9EEED9E6F}.Debug|Any CPU.ActiveCfg = Debug|Any CPU
		{B31B8588-8164-4699-B0CD-54D9EEED9E6F}.Debug|Any CPU.Build.0 = Debug|Any CPU
		{B31B8588-8164-4699-B0CD-54D9EEED9E6F}.Release|Any CPU.ActiveCfg = Release|Any CPU
		{B31B8588-8164-4699-B0CD-54D9EEED9E6F}.Release|Any CPU.Build.0 = Release|Any CPU
		{BBE7AF94-B61C-4371-A7ED-AB752A40DB79}.Debug|Any CPU.ActiveCfg = Debug|Any CPU
		{BBE7AF94-B61C-4371-A7ED-AB752A40DB79}.Debug|Any CPU.Build.0 = Debug|Any CPU
		{BBE7AF94-B61C-4371-A7ED-AB752A40DB79}.Release|Any CPU.ActiveCfg = Release|Any CPU
		{BBE7AF94-B61C-4371-A7ED-AB752A40DB79}.Release|Any CPU.Build.0 = Release|Any CPU
		{B40D2B16-DE85-4406-A27E-856676D0522B}.Debug|Any CPU.ActiveCfg = Debug|Any CPU
		{B40D2B16-DE85-4406-A27E-856676D0522B}.Debug|Any CPU.Build.0 = Debug|Any CPU
		{B40D2B16-DE85-4406-A27E-856676D0522B}.Release|Any CPU.ActiveCfg = Release|Any CPU
		{B40D2B16-DE85-4406-A27E-856676D0522B}.Release|Any CPU.Build.0 = Release|Any CPU
		{B3E44E3A-8769-402C-84F2-9263DB95D752}.Debug|Any CPU.ActiveCfg = Debug|Any CPU
		{B3E44E3A-8769-402C-84F2-9263DB95D752}.Debug|Any CPU.Build.0 = Debug|Any CPU
		{B3E44E3A-8769-402C-84F2-9263DB95D752}.Release|Any CPU.ActiveCfg = Release|Any CPU
		{B3E44E3A-8769-402C-84F2-9263DB95D752}.Release|Any CPU.Build.0 = Release|Any CPU
		{2AB03051-0DE6-488C-BED4-2645DB9F0F83}.Debug|Any CPU.ActiveCfg = Debug|Any CPU
		{2AB03051-0DE6-488C-BED4-2645DB9F0F83}.Debug|Any CPU.Build.0 = Debug|Any CPU
		{2AB03051-0DE6-488C-BED4-2645DB9F0F83}.Release|Any CPU.ActiveCfg = Release|Any CPU
		{2AB03051-0DE6-488C-BED4-2645DB9F0F83}.Release|Any CPU.Build.0 = Release|Any CPU
		{085D7AA9-2763-456A-96F4-54D6E15F35BB}.Debug|Any CPU.ActiveCfg = Debug|Any CPU
		{085D7AA9-2763-456A-96F4-54D6E15F35BB}.Debug|Any CPU.Build.0 = Debug|Any CPU
		{085D7AA9-2763-456A-96F4-54D6E15F35BB}.Release|Any CPU.ActiveCfg = Release|Any CPU
		{085D7AA9-2763-456A-96F4-54D6E15F35BB}.Release|Any CPU.Build.0 = Release|Any CPU
		{73968105-B96A-4C77-9147-B2956F311D2F}.Debug|Any CPU.ActiveCfg = Debug|Any CPU
		{73968105-B96A-4C77-9147-B2956F311D2F}.Debug|Any CPU.Build.0 = Debug|Any CPU
		{73968105-B96A-4C77-9147-B2956F311D2F}.Release|Any CPU.ActiveCfg = Release|Any CPU
		{73968105-B96A-4C77-9147-B2956F311D2F}.Release|Any CPU.Build.0 = Release|Any CPU
	EndGlobalSection
	GlobalSection(SolutionProperties) = preSolution
		HideSolutionNode = FALSE
	EndGlobalSection
	GlobalSection(ExtensibilityGlobals) = postSolution
		SolutionGuid = {29C99A3F-4871-4DDE-92E3-A3302CF1F191}
	EndGlobalSection
EndGlobal
