
Microsoft Visual Studio Solution File, Format Version 12.00
# Visual Studio Version 17
VisualStudioVersion = 17.14.36109.1
MinimumVisualStudioVersion = 10.0.40219.1
Project("{FAE04EC0-301F-11D3-BF4B-00C04F79EFBC}") = "konu01Degiskenler", "konu01Degiskenler\konu01Degiskenler.csproj", "{0875174B-A9C3-4551-B48E-DC0CDD230390}"
EndProject
Project("{FAE04EC0-301F-11D3-BF4B-00C04F79EFBC}") = "Konu02TipDonusumleri", "Konu02TipDonusumleri\Konu02TipDonusumleri.csproj", "{39D3563B-E648-4EFE-B98E-BB8E99F771B7}"
EndProject
Global
	GlobalSection(SolutionConfigurationPlatforms) = preSolution
		Debug|Any CPU = Debug|Any CPU
		Release|Any CPU = Release|Any CPU
	EndGlobalSection
	GlobalSection(ProjectConfigurationPlatforms) = postSolution
		{0875174B-A9C3-4551-B48E-DC0CDD230390}.Debug|Any CPU.ActiveCfg = Debug|Any CPU
		{0875174B-A9C3-4551-B48E-DC0CDD230390}.Debug|Any CPU.Build.0 = Debug|Any CPU
		{0875174B-A9C3-4551-B48E-DC0CDD230390}.Release|Any CPU.ActiveCfg = Release|Any CPU
		{0875174B-A9C3-4551-B48E-DC0CDD230390}.Release|Any CPU.Build.0 = Release|Any CPU
		{39D3563B-E648-4EFE-B98E-BB8E99F771B7}.Debug|Any CPU.ActiveCfg = Debug|Any CPU
		{39D3563B-E648-4EFE-B98E-BB8E99F771B7}.Debug|Any CPU.Build.0 = Debug|Any CPU
		{39D3563B-E648-4EFE-B98E-BB8E99F771B7}.Release|Any CPU.ActiveCfg = Release|Any CPU
		{39D3563B-E648-4EFE-B98E-BB8E99F771B7}.Release|Any CPU.Build.0 = Release|Any CPU
	EndGlobalSection
	GlobalSection(SolutionProperties) = preSolution
		HideSolutionNode = FALSE
	EndGlobalSection
	GlobalSection(ExtensibilityGlobals) = postSolution
		SolutionGuid = {29C99A3F-4871-4DDE-92E3-A3302CF1F191}
	EndGlobalSection
EndGlobal
